
Microsoft Visual Studio Solution File, Format Version 12.00
# Visual Studio Version 17
VisualStudioVersion = 17.11.35312.102
MinimumVisualStudioVersion = 10.0.40219.1
Project("{FAE04EC0-301F-11D3-BF4B-00C04F79EFBC}") = "Exseption", "Exseption\Exseption.csproj", "{E566B4A7-749D-4AF8-8739-F6AA27563B0A}"
EndProject
Global
	GlobalSection(SolutionConfigurationPlatforms) = preSolution
		Debug|Any CPU = Debug|Any CPU
		Release|Any CPU = Release|Any CPU
	EndGlobalSection
	GlobalSection(ProjectConfigurationPlatforms) = postSolution
		{E566B4A7-749D-4AF8-8739-F6AA27563B0A}.Debug|Any CPU.ActiveCfg = Debug|Any CPU
		{E566B4A7-749D-4AF8-8739-F6AA27563B0A}.Debug|Any CPU.Build.0 = Debug|Any CPU
		{E566B4A7-749D-4AF8-8739-F6AA27563B0A}.Release|Any CPU.ActiveCfg = Release|Any CPU
		{E566B4A7-749D-4AF8-8739-F6AA27563B0A}.Release|Any CPU.Build.0 = Release|Any CPU
	EndGlobalSection
	GlobalSection(SolutionProperties) = preSolution
		HideSolutionNode = FALSE
	EndGlobalSection
	GlobalSection(ExtensibilityGlobals) = postSolution
		SolutionGuid = {789B0840-2F53-460B-8A1A-C058AA2EF61E}
	EndGlobalSection
EndGlobal
